
Microsoft Visual Studio Solution File, Format Version 12.00
# Visual Studio 15
VisualStudioVersion = 15.0.28010.2026
MinimumVisualStudioVersion = 10.0.40219.1
Project("{9A19103F-16F7-4668-BE54-9A1E7A4F7556}") = "SFTPDemo", "SFTPDemo\SFTPDemo.csproj", "{EDAD8F88-CE73-40DD-8E27-37F4B83EA246}"
EndProject
Global
	GlobalSection(SolutionConfigurationPlatforms) = preSolution
		Debug|Any CPU = Debug|Any CPU
		Release|Any CPU = Release|Any CPU
	EndGlobalSection
	GlobalSection(ProjectConfigurationPlatforms) = postSolution
		{EDAD8F88-CE73-40DD-8E27-37F4B83EA246}.Debug|Any CPU.ActiveCfg = Debug|Any CPU
		{EDAD8F88-CE73-40DD-8E27-37F4B83EA246}.Debug|Any CPU.Build.0 = Debug|Any CPU
		{EDAD8F88-CE73-40DD-8E27-37F4B83EA246}.Release|Any CPU.ActiveCfg = Release|Any CPU
		{EDAD8F88-CE73-40DD-8E27-37F4B83EA246}.Release|Any CPU.Build.0 = Release|Any CPU
	EndGlobalSection
	GlobalSection(SolutionProperties) = preSolution
		HideSolutionNode = FALSE
	EndGlobalSection
	GlobalSection(ExtensibilityGlobals) = postSolution
		SolutionGuid = {BF2D52E0-E0D8-4BB2-8250-E8E67084E946}
	EndGlobalSection
EndGlobal
